// !$*UTF8*$!
{
	archiveVersion = 1;
	classes = {
	};
	objectVersion = 50;
	objects = {

/* Begin PBXBuildFile section */
		5431C2C723286AEC0040FBB8 /* GoogleService-Info.plist in Resources */ = {isa = PBXBuildFile; fileRef = 5431C2C623286AEC0040FBB8 /* GoogleService-Info.plist */; };
		54A66C1122E7C56C00114AAC /* AppDelegate.swift in Sources */ = {isa = PBXBuildFile; fileRef = 54A66C1022E7C56C00114AAC /* AppDelegate.swift */; };
		54A66C1322E7C56C00114AAC /* ViewController.swift in Sources */ = {isa = PBXBuildFile; fileRef = 54A66C1222E7C56C00114AAC /* ViewController.swift */; };
		54A66C1622E7C56C00114AAC /* Main.storyboard in Resources */ = {isa = PBXBuildFile; fileRef = 54A66C1422E7C56C00114AAC /* Main.storyboard */; };
		54A66C1822E7C56D00114AAC /* Assets.xcassets in Resources */ = {isa = PBXBuildFile; fileRef = 54A66C1722E7C56D00114AAC /* Assets.xcassets */; };
		54A66C1B22E7C56D00114AAC /* LaunchScreen.storyboard in Resources */ = {isa = PBXBuildFile; fileRef = 54A66C1922E7C56D00114AAC /* LaunchScreen.storyboard */; };
		54A66C2322E7C5E700114AAC /* ToDo.swift in Sources */ = {isa = PBXBuildFile; fileRef = 54A66C2222E7C5E700114AAC /* ToDo.swift */; };
		54A66C2522E7C70700114AAC /* ToDoTableViewController.swift in Sources */ = {isa = PBXBuildFile; fileRef = 54A66C2422E7C70700114AAC /* ToDoTableViewController.swift */; };
		54D3C4EB22E7F41100240B8A /* ToDoDetailTableViewController.swift in Sources */ = {isa = PBXBuildFile; fileRef = 54D3C4EA22E7F41100240B8A /* ToDoDetailTableViewController.swift */; };
		54D3C4ED22E90A2F00240B8A /* ToDoCell.swift in Sources */ = {isa = PBXBuildFile; fileRef = 54D3C4EC22E90A2F00240B8A /* ToDoCell.swift */; };
/* End PBXBuildFile section */

/* Begin PBXFileReference section */
		5431C2C623286AEC0040FBB8 /* GoogleService-Info.plist */ = {isa = PBXFileReference; fileEncoding = 4; lastKnownFileType = text.plist.xml; name = "GoogleService-Info.plist"; path = "../../../Downloads/GoogleService-Info.plist"; sourceTree = "<group>"; };
		54A66C0D22E7C56C00114AAC /* ToDoList.app */ = {isa = PBXFileReference; explicitFileType = wrapper.application; includeInIndex = 0; path = ToDoList.app; sourceTree = BUILT_PRODUCTS_DIR; };
		54A66C1022E7C56C00114AAC /* AppDelegate.swift */ = {isa = PBXFileReference; lastKnownFileType = sourcecode.swift; path = AppDelegate.swift; sourceTree = "<group>"; };
		54A66C1222E7C56C00114AAC /* ViewController.swift */ = {isa = PBXFileReference; lastKnownFileType = sourcecode.swift; path = ViewController.swift; sourceTree = "<group>"; };
		54A66C1522E7C56C00114AAC /* Base */ = {isa = PBXFileReference; lastKnownFileType = file.storyboard; name = Base; path = Base.lproj/Main.storyboard; sourceTree = "<group>"; };
		54A66C1722E7C56D00114AAC /* Assets.xcassets */ = {isa = PBXFileReference; lastKnownFileType = folder.assetcatalog; path = Assets.xcassets; sourceTree = "<group>"; };
		54A66C1A22E7C56D00114AAC /* Base */ = {isa = PBXFileReference; lastKnownFileType = file.storyboard; name = Base; path = Base.lproj/LaunchScreen.storyboard; sourceTree = "<group>"; };
		54A66C1C22E7C56D00114AAC /* Info.plist */ = {isa = PBXFileReference; lastKnownFileType = text.plist.xml; path = Info.plist; sourceTree = "<group>"; };
		54A66C2222E7C5E700114AAC /* ToDo.swift */ = {isa = PBXFileReference; lastKnownFileType = sourcecode.swift; path = ToDo.swift; sourceTree = "<group>"; };
		54A66C2422E7C70700114AAC /* ToDoTableViewController.swift */ = {isa = PBXFileReference; lastKnownFileType = sourcecode.swift; path = ToDoTableViewController.swift; sourceTree = "<group>"; };
		54D3C4EA22E7F41100240B8A /* ToDoDetailTableViewController.swift */ = {isa = PBXFileReference; lastKnownFileType = sourcecode.swift; path = ToDoDetailTableViewController.swift; sourceTree = "<group>"; };
		54D3C4EC22E90A2F00240B8A /* ToDoCell.swift */ = {isa = PBXFileReference; lastKnownFileType = sourcecode.swift; path = ToDoCell.swift; sourceTree = "<group>"; };
/* End PBXFileReference section */

/* Begin PBXFrameworksBuildPhase section */
		54A66C0A22E7C56C00114AAC /* Frameworks */ = {
			isa = PBXFrameworksBuildPhase;
			buildActionMask = 2147483647;
			files = (
			);
			runOnlyForDeploymentPostprocessing = 0;
		};
/* End PBXFrameworksBuildPhase section */

/* Begin PBXGroup section */
		54A66C0422E7C56C00114AAC = {
			isa = PBXGroup;
			children = (
				54A66C0F22E7C56C00114AAC /* ToDoList */,
				54A66C0E22E7C56C00114AAC /* Products */,
			);
			sourceTree = "<group>";
		};
		54A66C0E22E7C56C00114AAC /* Products */ = {
			isa = PBXGroup;
			children = (
				54A66C0D22E7C56C00114AAC /* ToDoList.app */,
			);
			name = Products;
			sourceTree = "<group>";
		};
		54A66C0F22E7C56C00114AAC /* ToDoList */ = {
			isa = PBXGroup;
			children = (
				54A66C1022E7C56C00114AAC /* AppDelegate.swift */,
				54A66C1222E7C56C00114AAC /* ViewController.swift */,
				54A66C1422E7C56C00114AAC /* Main.storyboard */,
				54D3C4EA22E7F41100240B8A /* ToDoDetailTableViewController.swift */,
				54A66C2222E7C5E700114AAC /* ToDo.swift */,
				54A66C2422E7C70700114AAC /* ToDoTableViewController.swift */,
				54D3C4EC22E90A2F00240B8A /* ToDoCell.swift */,
				54A66C1722E7C56D00114AAC /* Assets.xcassets */,
				54A66C1922E7C56D00114AAC /* LaunchScreen.storyboard */,
				54A66C1C22E7C56D00114AAC /* Info.plist */,
				5431C2C623286AEC0040FBB8 /* GoogleService-Info.plist */,
			);
			path = ToDoList;
			sourceTree = "<group>";
		};
/* End PBXGroup section */

/* Begin PBXNativeTarget section */
		54A66C0C22E7C56C00114AAC /* ToDoList */ = {
			isa = PBXNativeTarget;
			buildConfigurationList = 54A66C1F22E7C56D00114AAC /* Build configuration list for PBXNativeTarget "ToDoList" */;
			buildPhases = (
				54A66C0922E7C56C00114AAC /* Sources */,
				54A66C0A22E7C56C00114AAC /* Frameworks */,
				54A66C0B22E7C56C00114AAC /* Resources */,
			);
			buildRules = (
			);
			dependencies = (
			);
			name = ToDoList;
			productName = ToDoList;
			productReference = 54A66C0D22E7C56C00114AAC /* ToDoList.app */;
			productType = "com.apple.product-type.application";
		};
/* End PBXNativeTarget section */

/* Begin PBXProject section */
		54A66C0522E7C56C00114AAC /* Project object */ = {
			isa = PBXProject;
			attributes = {
				LastSwiftUpdateCheck = 1030;
				LastUpgradeCheck = 1030;
				ORGANIZATIONNAME = "Andrew Chen";
				TargetAttributes = {
					54A66C0C22E7C56C00114AAC = {
						CreatedOnToolsVersion = 10.3;
					};
				};
			};
			buildConfigurationList = 54A66C0822E7C56C00114AAC /* Build configuration list for PBXProject "ToDoList" */;
			compatibilityVersion = "Xcode 9.3";
			developmentRegion = en;
			hasScannedForEncodings = 0;
			knownRegions = (
				en,
				Base,
			);
			mainGroup = 54A66C0422E7C56C00114AAC;
			productRefGroup = 54A66C0E22E7C56C00114AAC /* Products */;
			projectDirPath = "";
			projectRoot = "";
			targets = (
				54A66C0C22E7C56C00114AAC /* ToDoList */,
			);
		};
/* End PBXProject section */

/* Begin PBXResourcesBuildPhase section */
		54A66C0B22E7C56C00114AAC /* Resources */ = {
			isa = PBXResourcesBuildPhase;
			buildActionMask = 2147483647;
			files = (
				54A66C1B22E7C56D00114AAC /* LaunchScreen.storyboard in Resources */,
				5431C2C723286AEC0040FBB8 /* GoogleService-Info.plist in Resources */,
				54A66C1822E7C56D00114AAC /* Assets.xcassets in Resources */,
				54A66C1622E7C56C00114AAC /* Main.storyboard in Resources */,
			);
			runOnlyForDeploymentPostprocessing = 0;
		};
/* End PBXResourcesBuildPhase section */

/* Begin PBXSourcesBuildPhase section */
		54A66C0922E7C56C00114AAC /* Sources */ = {
			isa = PBXSourcesBuildPhase;
			buildActionMask = 2147483647;
			files = (
				54A66C2322E7C5E700114AAC /* ToDo.swift in Sources */,
				54D3C4ED22E90A2F00240B8A /* ToDoCell.swift in Sources */,
				54D3C4EB22E7F41100240B8A /* ToDoDetailTableViewController.swift in Sources */,
				54A66C2522E7C70700114AAC /* ToDoTableViewController.swift in Sources */,
				54A66C1322E7C56C00114AAC /* ViewController.swift in Sources */,
				54A66C1122E7C56C00114AAC /* AppDelegate.swift in Sources */,
			);
			runOnlyForDeploymentPostprocessing = 0;
		};
/* End PBXSourcesBuildPhase section */

/* Begin PBXVariantGroup section */
		54A66C1422E7C56C00114AAC /* Main.storyboard */ = {
			isa = PBXVariantGroup;
			children = (
				54A66C1522E7C56C00114AAC /* Base */,
			);
			name = Main.storyboard;
			sourceTree = "<group>";
		};
		54A66C1922E7C56D00114AAC /* LaunchScreen.storyboard */ = {
			isa = PBXVariantGroup;
			children = (
				54A66C1A22E7C56D00114AAC /* Base */,
			);
			name = LaunchScreen.storyboard;
			sourceTree = "<group>";
		};
/* End PBXVariantGroup section */

/* Begin XCBuildConfiguration section */
		54A66C1D22E7C56D00114AAC /* Debug */ = {
			isa = XCBuildConfiguration;
			buildSettings = {
				ALWAYS_SEARCH_USER_PATHS = NO;
				CLANG_ANALYZER_NONNULL = YES;
				CLANG_ANALYZER_NUMBER_OBJECT_CONVERSION = YES_AGGRESSIVE;
				CLANG_CXX_LANGUAGE_STANDARD = "gnu++14";
				CLANG_CXX_LIBRARY = "libc++";
				CLANG_ENABLE_MODULES = YES;
				CLANG_ENABLE_OBJC_ARC = YES;
				CLANG_ENABLE_OBJC_WEAK = YES;
				CLANG_WARN_BLOCK_CAPTURE_AUTORELEASING = YES;
				CLANG_WARN_BOOL_CONVERSION = YES;
				CLANG_WARN_COMMA = YES;
				CLANG_WARN_CONSTANT_CONVERSION = YES;
				CLANG_WARN_DEPRECATED_OBJC_IMPLEMENTATIONS = YES;
				CLANG_WARN_DIRECT_OBJC_ISA_USAGE = YES_ERROR;
				CLANG_WARN_DOCUMENTATION_COMMENTS = YES;
				CLANG_WARN_EMPTY_BODY = YES;
				CLANG_WARN_ENUM_CONVERSION = YES;
				CLANG_WARN_INFINITE_RECURSION = YES;
				CLANG_WARN_INT_CONVERSION = YES;
				CLANG_WARN_NON_LITERAL_NULL_CONVERSION = YES;
				CLANG_WARN_OBJC_IMPLICIT_RETAIN_SELF = YES;
				CLANG_WARN_OBJC_LITERAL_CONVERSION = YES;
				CLANG_WARN_OBJC_ROOT_CLASS = YES_ERROR;
				CLANG_WARN_RANGE_LOOP_ANALYSIS = YES;
				CLANG_WARN_STRICT_PROTOTYPES = YES;
				CLANG_WARN_SUSPICIOUS_MOVE = YES;
				CLANG_WARN_UNGUARDED_AVAILABILITY = YES_AGGRESSIVE;
				CLANG_WARN_UNREACHABLE_CODE = YES;
				CLANG_WARN__DUPLICATE_METHOD_MATCH = YES;
				CODE_SIGN_IDENTITY = "iPhone Developer";
				COPY_PHASE_STRIP = NO;
				DEBUG_INFORMATION_FORMAT = dwarf;
				ENABLE_STRICT_OBJC_MSGSEND = YES;
				ENABLE_TESTABILITY = YES;
				GCC_C_LANGUAGE_STANDARD = gnu11;
				GCC_DYNAMIC_NO_PIC = NO;
				GCC_NO_COMMON_BLOCKS = YES;
				GCC_OPTIMIZATION_LEVEL = 0;
				GCC_PREPROCESSOR_DEFINITIONS = (
					"DEBUG=1",
					"$(inherited)",
				);
				GCC_WARN_64_TO_32_BIT_CONVERSION = YES;
				GCC_WARN_ABOUT_RETURN_TYPE = YES_ERROR;
				GCC_WARN_UNDECLARED_SELECTOR = YES;
				GCC_WARN_UNINITIALIZED_AUTOS = YES_AGGRESSIVE;
				GCC_WARN_UNUSED_FUNCTION = YES;
				GCC_WARN_UNUSED_VARIABLE = YES;
				IPHONEOS_DEPLOYMENT_TARGET = 12.4;
				MTL_ENABLE_DEBUG_INFO = INCLUDE_SOURCE;
				MTL_FAST_MATH = YES;
				ONLY_ACTIVE_ARCH = YES;
				SDKROOT = iphoneos;
				SWIFT_ACTIVE_COMPILATION_CONDITIONS = DEBUG;
				SWIFT_OPTIMIZATION_LEVEL = "-Onone";
			};
			name = Debug;
		};
		54A66C1E22E7C56D00114AAC /* Release */ = {
			isa = XCBuildConfiguration;
			buildSettings = {
				ALWAYS_SEARCH_USER_PATHS = NO;
				CLANG_ANALYZER_NONNULL = YES;
				CLANG_ANALYZER_NUMBER_OBJECT_CONVERSION = YES_AGGRESSIVE;
				CLANG_CXX_LANGUAGE_STANDARD = "gnu++14";
				CLANG_CXX_LIBRARY = "libc++";
				CLANG_ENABLE_MODULES = YES;
				CLANG_ENABLE_OBJC_ARC = YES;
				CLANG_ENABLE_OBJC_WEAK = YES;
				CLANG_WARN_BLOCK_CAPTURE_AUTORELEASING = YES;
				CLANG_WARN_BOOL_CONVERSION = YES;
				CLANG_WARN_COMMA = YES;
				CLANG_WARN_CONSTANT_CONVERSION = YES;
				CLANG_WARN_DEPRECATED_OBJC_IMPLEMENTATIONS = YES;
				CLANG_WARN_DIRECT_OBJC_ISA_USAGE = YES_ERROR;
				CLANG_WARN_DOCUMENTATION_COMMENTS = YES;
				CLANG_WARN_EMPTY_BODY = YES;
				CLANG_WARN_ENUM_CONVERSION = YES;
				CLANG_WARN_INFINITE_RECURSION = YES;
				CLANG_WARN_INT_CONVERSION = YES;
				CLANG_WARN_NON_LITERAL_NULL_CONVERSION = YES;
				CLANG_WARN_OBJC_IMPLICIT_RETAIN_SELF = YES;
				CLANG_WARN_OBJC_LITERAL_CONVERSION = YES;
				CLANG_WARN_OBJC_ROOT_CLASS = YES_ERROR;
				CLANG_WARN_RANGE_LOOP_ANALYSIS = YES;
				CLANG_WARN_STRICT_PROTOTYPES = YES;
				CLANG_WARN_SUSPICIOUS_MOVE = YES;
				CLANG_WARN_UNGUARDED_AVAILABILITY = YES_AGGRESSIVE;
				CLANG_WARN_UNREACHABLE_CODE = YES;
				CLANG_WARN__DUPLICATE_METHOD_MATCH = YES;
				CODE_SIGN_IDENTITY = "iPhone Developer";
				COPY_PHASE_STRIP = NO;
				DEBUG_INFORMATION_FORMAT = "dwarf-with-dsym";
				ENABLE_NS_ASSERTIONS = NO;
				ENABLE_STRICT_OBJC_MSGSEND = YES;
				GCC_C_LANGUAGE_STANDARD = gnu11;
				GCC_NO_COMMON_BLOCKS = YES;
				GCC_WARN_64_TO_32_BIT_CONVERSION = YES;
				GCC_WARN_ABOUT_RETURN_TYPE = YES_ERROR;
				GCC_WARN_UNDECLARED_SELECTOR = YES;
				GCC_WARN_UNINITIALIZED_AUTOS = YES_AGGRESSIVE;
				GCC_WARN_UNUSED_FUNCTION = YES;
				GCC_WARN_UNUSED_VARIABLE = YES;
				IPHONEOS_DEPLOYMENT_TARGET = 12.4;
				MTL_ENABLE_DEBUG_INFO = NO;
				MTL_FAST_MATH = YES;
				SDKROOT = iphoneos;
				SWIFT_COMPILATION_MODE = wholemodule;
				SWIFT_OPTIMIZATION_LEVEL = "-O";
				VALIDATE_PRODUCT = YES;
			};
			name = Release;
		};
		54A66C2022E7C56D00114AAC /* Debug */ = {
			isa = XCBuildConfiguration;
			buildSettings = {
				ASSETCATALOG_COMPILER_APPICON_NAME = AppIcon;
				CODE_SIGN_STYLE = Automatic;
				DEVELOPMENT_TEAM = 65Q8TF5J2K;
				INFOPLIST_FILE = ToDoList/Info.plist;
				LD_RUNPATH_SEARCH_PATHS = (
					"$(inherited)",
					"@executable_path/Frameworks",
				);
				PRODUCT_BUNDLE_IDENTIFIER = edu.usc.chen901.ToDoList;
				PRODUCT_NAME = "$(TARGET_NAME)";
				SWIFT_VERSION = 5.0;
				TARGETED_DEVICE_FAMILY = "1,2";
			};
			name = Debug;
		};
		54A66C2122E7C56D00114AAC /* Release */ = {
			isa = XCBuildConfiguration;
			buildSettings = {
				ASSETCATALOG_COMPILER_APPICON_NAME = AppIcon;
				CODE_SIGN_STYLE = Automatic;
				DEVELOPMENT_TEAM = 65Q8TF5J2K;
				INFOPLIST_FILE = ToDoList/Info.plist;
				LD_RUNPATH_SEARCH_PATHS = (
					"$(inherited)",
					"@executable_path/Frameworks",
				);
				PRODUCT_BUNDLE_IDENTIFIER = edu.usc.chen901.ToDoList;
				PRODUCT_NAME = "$(TARGET_NAME)";
				SWIFT_VERSION = 5.0;
				TARGETED_DEVICE_FAMILY = "1,2";
			};
			name = Release;
		};
/* End XCBuildConfiguration section */

/* Begin XCConfigurationList section */
		54A66C0822E7C56C00114AAC /* Build configuration list for PBXProject "ToDoList" */ = {
			isa = XCConfigurationList;
			buildConfigurations = (
				54A66C1D22E7C56D00114AAC /* Debug */,
				54A66C1E22E7C56D00114AAC /* Release */,
			);
			defaultConfigurationIsVisible = 0;
			defaultConfigurationName = Release;
		};
		54A66C1F22E7C56D00114AAC /* Build configuration list for PBXNativeTarget "ToDoList" */ = {
			isa = XCConfigurationList;
			buildConfigurations = (
				54A66C2022E7C56D00114AAC /* Debug */,
				54A66C2122E7C56D00114AAC /* Release */,
			);
			defaultConfigurationIsVisible = 0;
			defaultConfigurationName = Release;
		};
/* End XCConfigurationList section */
	};
	rootObject = 54A66C0522E7C56C00114AAC /* Project object */;
}
